
Microsoft Visual Studio Solution File, Format Version 12.00
# Visual Studio Version 16
VisualStudioVersion = 16.0.31410.357
MinimumVisualStudioVersion = 10.0.40219.1
Project("{FAE04EC0-301F-11D3-BF4B-00C04F79EFBC}") = "SimpleCalculator", "SimpleCalculator\SimpleCalculator.csproj", "{8A0CC3FF-34C1-42BC-97D4-0C7783FE2B5A}"
EndProject
Project("{FAE04EC0-301F-11D3-BF4B-00C04F79EFBC}") = "CalculatorOperations.Tests", "ClaculatorOperations.Tests\CalculatorOperations.Tests.csproj", "{932729E0-C7D1-410A-98E6-0D76B4F1452D}"
EndProject
Global
	GlobalSection(SolutionConfigurationPlatforms) = preSolution
		Debug|Any CPU = Debug|Any CPU
		Release|Any CPU = Release|Any CPU
	EndGlobalSection
	GlobalSection(ProjectConfigurationPlatforms) = postSolution
		{8A0CC3FF-34C1-42BC-97D4-0C7783FE2B5A}.Debug|Any CPU.ActiveCfg = Debug|Any CPU
		{8A0CC3FF-34C1-42BC-97D4-0C7783FE2B5A}.Debug|Any CPU.Build.0 = Debug|Any CPU
		{8A0CC3FF-34C1-42BC-97D4-0C7783FE2B5A}.Release|Any CPU.ActiveCfg = Release|Any CPU
		{8A0CC3FF-34C1-42BC-97D4-0C7783FE2B5A}.Release|Any CPU.Build.0 = Release|Any CPU
		{932729E0-C7D1-410A-98E6-0D76B4F1452D}.Debug|Any CPU.ActiveCfg = Debug|Any CPU
		{932729E0-C7D1-410A-98E6-0D76B4F1452D}.Debug|Any CPU.Build.0 = Debug|Any CPU
		{932729E0-C7D1-410A-98E6-0D76B4F1452D}.Release|Any CPU.ActiveCfg = Release|Any CPU
		{932729E0-C7D1-410A-98E6-0D76B4F1452D}.Release|Any CPU.Build.0 = Release|Any CPU
	EndGlobalSection
	GlobalSection(SolutionProperties) = preSolution
		HideSolutionNode = FALSE
	EndGlobalSection
	GlobalSection(ExtensibilityGlobals) = postSolution
		SolutionGuid = {B4CA76A9-6EDB-484A-829B-5F17AC6B992D}
	EndGlobalSection
EndGlobal
